// !$*UTF8*$!
{
	archiveVersion = 1;
	classes = {
	};
	objectVersion = 56;
	objects = {

/* Begin PBXBuildFile section */
		D2C1518D2860C6E500884A1F /* LifesumTestAppApp.swift in Sources */ = {isa = PBXBuildFile; fileRef = D2C1518C2860C6E500884A1F /* LifesumTestAppApp.swift */; };
		D2C1518F2860C6E500884A1F /* ContentView.swift in Sources */ = {isa = PBXBuildFile; fileRef = D2C1518E2860C6E500884A1F /* ContentView.swift */; };
		D2C151912860C6E700884A1F /* Assets.xcassets in Resources */ = {isa = PBXBuildFile; fileRef = D2C151902860C6E700884A1F /* Assets.xcassets */; };
		D2C151942860C6E700884A1F /* Preview Assets.xcassets in Resources */ = {isa = PBXBuildFile; fileRef = D2C151932860C6E700884A1F /* Preview Assets.xcassets */; };
		D2C1519E2860C6E700884A1F /* LifesumTestAppTests.swift in Sources */ = {isa = PBXBuildFile; fileRef = D2C1519D2860C6E700884A1F /* LifesumTestAppTests.swift */; };
		D2C151A82860C6E700884A1F /* LifesumTestAppUITests.swift in Sources */ = {isa = PBXBuildFile; fileRef = D2C151A72860C6E700884A1F /* LifesumTestAppUITests.swift */; };
		D2C151AA2860C6E700884A1F /* LifesumTestAppUITestsLaunchTests.swift in Sources */ = {isa = PBXBuildFile; fileRef = D2C151A92860C6E700884A1F /* LifesumTestAppUITestsLaunchTests.swift */; };
		D2FF4B4B286229EE00D3EAB7 /* HomeModel.swift in Sources */ = {isa = PBXBuildFile; fileRef = D2FF4B4A286229EE00D3EAB7 /* HomeModel.swift */; };
		D2FF4B4D28622B9300D3EAB7 /* HomeView.swift in Sources */ = {isa = PBXBuildFile; fileRef = D2FF4B4C28622B9300D3EAB7 /* HomeView.swift */; };
		D2FF4B4F28622C7C00D3EAB7 /* HomeViewModel.swift in Sources */ = {isa = PBXBuildFile; fileRef = D2FF4B4E28622C7C00D3EAB7 /* HomeViewModel.swift */; };
		D2FF4B522863356400D3EAB7 /* Extensions+Views.swift in Sources */ = {isa = PBXBuildFile; fileRef = D2FF4B512863356400D3EAB7 /* Extensions+Views.swift */; };
		D2FF4B562863692D00D3EAB7 /* OpenweatherAPI.swift in Sources */ = {isa = PBXBuildFile; fileRef = D2FF4B552863692D00D3EAB7 /* OpenweatherAPI.swift */; };
/* End PBXBuildFile section */

/* Begin PBXContainerItemProxy section */
		D2C1519A2860C6E700884A1F /* PBXContainerItemProxy */ = {
			isa = PBXContainerItemProxy;
			containerPortal = D2C151812860C6E500884A1F /* Project object */;
			proxyType = 1;
			remoteGlobalIDString = D2C151882860C6E500884A1F;
			remoteInfo = LifesumTestApp;
		};
		D2C151A42860C6E700884A1F /* PBXContainerItemProxy */ = {
			isa = PBXContainerItemProxy;
			containerPortal = D2C151812860C6E500884A1F /* Project object */;
			proxyType = 1;
			remoteGlobalIDString = D2C151882860C6E500884A1F;
			remoteInfo = LifesumTestApp;
		};
/* End PBXContainerItemProxy section */

/* Begin PBXFileReference section */
		D2C151892860C6E500884A1F /* LifesumTestApp.app */ = {isa = PBXFileReference; explicitFileType = wrapper.application; includeInIndex = 0; path = LifesumTestApp.app; sourceTree = BUILT_PRODUCTS_DIR; };
		D2C1518C2860C6E500884A1F /* LifesumTestAppApp.swift */ = {isa = PBXFileReference; lastKnownFileType = sourcecode.swift; path = LifesumTestAppApp.swift; sourceTree = "<group>"; };
		D2C1518E2860C6E500884A1F /* ContentView.swift */ = {isa = PBXFileReference; lastKnownFileType = sourcecode.swift; path = ContentView.swift; sourceTree = "<group>"; };
		D2C151902860C6E700884A1F /* Assets.xcassets */ = {isa = PBXFileReference; lastKnownFileType = folder.assetcatalog; path = Assets.xcassets; sourceTree = "<group>"; };
		D2C151932860C6E700884A1F /* Preview Assets.xcassets */ = {isa = PBXFileReference; lastKnownFileType = folder.assetcatalog; path = "Preview Assets.xcassets"; sourceTree = "<group>"; };
		D2C151992860C6E700884A1F /* LifesumTestAppTests.xctest */ = {isa = PBXFileReference; explicitFileType = wrapper.cfbundle; includeInIndex = 0; path = LifesumTestAppTests.xctest; sourceTree = BUILT_PRODUCTS_DIR; };
		D2C1519D2860C6E700884A1F /* LifesumTestAppTests.swift */ = {isa = PBXFileReference; lastKnownFileType = sourcecode.swift; path = LifesumTestAppTests.swift; sourceTree = "<group>"; };
		D2C151A32860C6E700884A1F /* LifesumTestAppUITests.xctest */ = {isa = PBXFileReference; explicitFileType = wrapper.cfbundle; includeInIndex = 0; path = LifesumTestAppUITests.xctest; sourceTree = BUILT_PRODUCTS_DIR; };
		D2C151A72860C6E700884A1F /* LifesumTestAppUITests.swift */ = {isa = PBXFileReference; lastKnownFileType = sourcecode.swift; path = LifesumTestAppUITests.swift; sourceTree = "<group>"; };
		D2C151A92860C6E700884A1F /* LifesumTestAppUITestsLaunchTests.swift */ = {isa = PBXFileReference; lastKnownFileType = sourcecode.swift; path = LifesumTestAppUITestsLaunchTests.swift; sourceTree = "<group>"; };
		D2FF4B4328612E1800D3EAB7 /* Info.plist */ = {isa = PBXFileReference; lastKnownFileType = text.plist; path = Info.plist; sourceTree = "<group>"; };
		D2FF4B4A286229EE00D3EAB7 /* HomeModel.swift */ = {isa = PBXFileReference; lastKnownFileType = sourcecode.swift; path = HomeModel.swift; sourceTree = "<group>"; };
		D2FF4B4C28622B9300D3EAB7 /* HomeView.swift */ = {isa = PBXFileReference; lastKnownFileType = sourcecode.swift; path = HomeView.swift; sourceTree = "<group>"; };
		D2FF4B4E28622C7C00D3EAB7 /* HomeViewModel.swift */ = {isa = PBXFileReference; lastKnownFileType = sourcecode.swift; path = HomeViewModel.swift; sourceTree = "<group>"; };
		D2FF4B512863356400D3EAB7 /* Extensions+Views.swift */ = {isa = PBXFileReference; lastKnownFileType = sourcecode.swift; path = "Extensions+Views.swift"; sourceTree = "<group>"; };
		D2FF4B552863692D00D3EAB7 /* OpenweatherAPI.swift */ = {isa = PBXFileReference; fileEncoding = 4; lastKnownFileType = sourcecode.swift; path = OpenweatherAPI.swift; sourceTree = "<group>"; };
/* End PBXFileReference section */

/* Begin PBXFrameworksBuildPhase section */
		D2C151862860C6E500884A1F /* Frameworks */ = {
			isa = PBXFrameworksBuildPhase;
			buildActionMask = 2147483647;
			files = (
			);
			runOnlyForDeploymentPostprocessing = 0;
		};
		D2C151962860C6E700884A1F /* Frameworks */ = {
			isa = PBXFrameworksBuildPhase;
			buildActionMask = 2147483647;
			files = (
			);
			runOnlyForDeploymentPostprocessing = 0;
		};
		D2C151A02860C6E700884A1F /* Frameworks */ = {
			isa = PBXFrameworksBuildPhase;
			buildActionMask = 2147483647;
			files = (
			);
			runOnlyForDeploymentPostprocessing = 0;
		};
/* End PBXFrameworksBuildPhase section */

/* Begin PBXGroup section */
		D2C151802860C6E500884A1F = {
			isa = PBXGroup;
			children = (
				D2C1518B2860C6E500884A1F /* LifesumTestApp */,
				D2C1519C2860C6E700884A1F /* LifesumTestAppTests */,
				D2C151A62860C6E700884A1F /* LifesumTestAppUITests */,
				D2C1518A2860C6E500884A1F /* Products */,
			);
			sourceTree = "<group>";
		};
		D2C1518A2860C6E500884A1F /* Products */ = {
			isa = PBXGroup;
			children = (
				D2C151892860C6E500884A1F /* LifesumTestApp.app */,
				D2C151992860C6E700884A1F /* LifesumTestAppTests.xctest */,
				D2C151A32860C6E700884A1F /* LifesumTestAppUITests.xctest */,
			);
			name = Products;
			sourceTree = "<group>";
		};
		D2C1518B2860C6E500884A1F /* LifesumTestApp */ = {
			isa = PBXGroup;
			children = (
				D2C1518C2860C6E500884A1F /* LifesumTestAppApp.swift */,
				D2C1518E2860C6E500884A1F /* ContentView.swift */,
				D2FF4B552863692D00D3EAB7 /* OpenweatherAPI.swift */,
				D2FF4B472862085600D3EAB7 /* Views */,
				D2FF4B462862084F00D3EAB7 /* Models */,
				D2FF4B4828620D5A00D3EAB7 /* ViewModules */,
				D2FF4B4328612E1800D3EAB7 /* Info.plist */,
				D2FF4B4028612DD200D3EAB7 /* Resources */,
				D2C151922860C6E700884A1F /* Preview Content */,
			);
			path = LifesumTestApp;
			sourceTree = "<group>";
		};
		D2C151922860C6E700884A1F /* Preview Content */ = {
			isa = PBXGroup;
			children = (
				D2C151932860C6E700884A1F /* Preview Assets.xcassets */,
			);
			path = "Preview Content";
			sourceTree = "<group>";
		};
		D2C1519C2860C6E700884A1F /* LifesumTestAppTests */ = {
			isa = PBXGroup;
			children = (
				D2C1519D2860C6E700884A1F /* LifesumTestAppTests.swift */,
			);
			path = LifesumTestAppTests;
			sourceTree = "<group>";
		};
		D2C151A62860C6E700884A1F /* LifesumTestAppUITests */ = {
			isa = PBXGroup;
			children = (
				D2C151A72860C6E700884A1F /* LifesumTestAppUITests.swift */,
				D2C151A92860C6E700884A1F /* LifesumTestAppUITestsLaunchTests.swift */,
			);
			path = LifesumTestAppUITests;
			sourceTree = "<group>";
		};
		D2FF4B4028612DD200D3EAB7 /* Resources */ = {
			isa = PBXGroup;
			children = (
				D2C151902860C6E700884A1F /* Assets.xcassets */,
			);
			path = Resources;
			sourceTree = "<group>";
		};
		D2FF4B462862084F00D3EAB7 /* Models */ = {
			isa = PBXGroup;
			children = (
				D2FF4B4A286229EE00D3EAB7 /* HomeModel.swift */,
			);
			path = Models;
			sourceTree = "<group>";
		};
		D2FF4B472862085600D3EAB7 /* Views */ = {
			isa = PBXGroup;
			children = (
				D2FF4B4C28622B9300D3EAB7 /* HomeView.swift */,
				D2FF4B502863352D00D3EAB7 /* Extensions */,
			);
			path = Views;
			sourceTree = "<group>";
		};
		D2FF4B4828620D5A00D3EAB7 /* ViewModules */ = {
			isa = PBXGroup;
			children = (
				D2FF4B4E28622C7C00D3EAB7 /* HomeViewModel.swift */,
			);
			path = ViewModules;
			sourceTree = "<group>";
		};
		D2FF4B502863352D00D3EAB7 /* Extensions */ = {
			isa = PBXGroup;
			children = (
				D2FF4B512863356400D3EAB7 /* Extensions+Views.swift */,
			);
			path = Extensions;
			sourceTree = "<group>";
		};
/* End PBXGroup section */

/* Begin PBXNativeTarget section */
		D2C151882860C6E500884A1F /* LifesumTestApp */ = {
			isa = PBXNativeTarget;
			buildConfigurationList = D2C151AD2860C6E700884A1F /* Build configuration list for PBXNativeTarget "LifesumTestApp" */;
			buildPhases = (
				D2C151852860C6E500884A1F /* Sources */,
				D2C151862860C6E500884A1F /* Frameworks */,
				D2C151872860C6E500884A1F /* Resources */,
			);
			buildRules = (
			);
			dependencies = (
			);
			name = LifesumTestApp;
			productName = LifesumTestApp;
			productReference = D2C151892860C6E500884A1F /* LifesumTestApp.app */;
			productType = "com.apple.product-type.application";
		};
		D2C151982860C6E700884A1F /* LifesumTestAppTests */ = {
			isa = PBXNativeTarget;
			buildConfigurationList = D2C151B02860C6E700884A1F /* Build configuration list for PBXNativeTarget "LifesumTestAppTests" */;
			buildPhases = (
				D2C151952860C6E700884A1F /* Sources */,
				D2C151962860C6E700884A1F /* Frameworks */,
				D2C151972860C6E700884A1F /* Resources */,
			);
			buildRules = (
			);
			dependencies = (
				D2C1519B2860C6E700884A1F /* PBXTargetDependency */,
			);
			name = LifesumTestAppTests;
			productName = LifesumTestAppTests;
			productReference = D2C151992860C6E700884A1F /* LifesumTestAppTests.xctest */;
			productType = "com.apple.product-type.bundle.unit-test";
		};
		D2C151A22860C6E700884A1F /* LifesumTestAppUITests */ = {
			isa = PBXNativeTarget;
			buildConfigurationList = D2C151B32860C6E700884A1F /* Build configuration list for PBXNativeTarget "LifesumTestAppUITests" */;
			buildPhases = (
				D2C1519F2860C6E700884A1F /* Sources */,
				D2C151A02860C6E700884A1F /* Frameworks */,
				D2C151A12860C6E700884A1F /* Resources */,
			);
			buildRules = (
			);
			dependencies = (
				D2C151A52860C6E700884A1F /* PBXTargetDependency */,
			);
			name = LifesumTestAppUITests;
			productName = LifesumTestAppUITests;
			productReference = D2C151A32860C6E700884A1F /* LifesumTestAppUITests.xctest */;
			productType = "com.apple.product-type.bundle.ui-testing";
		};
/* End PBXNativeTarget section */

/* Begin PBXProject section */
		D2C151812860C6E500884A1F /* Project object */ = {
			isa = PBXProject;
			attributes = {
				BuildIndependentTargetsInParallel = 1;
				LastSwiftUpdateCheck = 1400;
				LastUpgradeCheck = 1400;
				TargetAttributes = {
					D2C151882860C6E500884A1F = {
						CreatedOnToolsVersion = 14.0;
					};
					D2C151982860C6E700884A1F = {
						CreatedOnToolsVersion = 14.0;
						TestTargetID = D2C151882860C6E500884A1F;
					};
					D2C151A22860C6E700884A1F = {
						CreatedOnToolsVersion = 14.0;
						TestTargetID = D2C151882860C6E500884A1F;
					};
				};
			};
			buildConfigurationList = D2C151842860C6E500884A1F /* Build configuration list for PBXProject "LifesumTestApp" */;
			compatibilityVersion = "Xcode 14.0";
			developmentRegion = en;
			hasScannedForEncodings = 0;
			knownRegions = (
				en,
				Base,
			);
			mainGroup = D2C151802860C6E500884A1F;
			productRefGroup = D2C1518A2860C6E500884A1F /* Products */;
			projectDirPath = "";
			projectRoot = "";
			targets = (
				D2C151882860C6E500884A1F /* LifesumTestApp */,
				D2C151982860C6E700884A1F /* LifesumTestAppTests */,
				D2C151A22860C6E700884A1F /* LifesumTestAppUITests */,
			);
		};
/* End PBXProject section */

/* Begin PBXResourcesBuildPhase section */
		D2C151872860C6E500884A1F /* Resources */ = {
			isa = PBXResourcesBuildPhase;
			buildActionMask = 2147483647;
			files = (
				D2C151942860C6E700884A1F /* Preview Assets.xcassets in Resources */,
				D2C151912860C6E700884A1F /* Assets.xcassets in Resources */,
			);
			runOnlyForDeploymentPostprocessing = 0;
		};
		D2C151972860C6E700884A1F /* Resources */ = {
			isa = PBXResourcesBuildPhase;
			buildActionMask = 2147483647;
			files = (
			);
			runOnlyForDeploymentPostprocessing = 0;
		};
		D2C151A12860C6E700884A1F /* Resources */ = {
			isa = PBXResourcesBuildPhase;
			buildActionMask = 2147483647;
			files = (
			);
			runOnlyForDeploymentPostprocessing = 0;
		};
/* End PBXResourcesBuildPhase section */

/* Begin PBXSourcesBuildPhase section */
		D2C151852860C6E500884A1F /* Sources */ = {
			isa = PBXSourcesBuildPhase;
			buildActionMask = 2147483647;
			files = (
				D2C1518F2860C6E500884A1F /* ContentView.swift in Sources */,
				D2FF4B4D28622B9300D3EAB7 /* HomeView.swift in Sources */,
				D2FF4B522863356400D3EAB7 /* Extensions+Views.swift in Sources */,
				D2FF4B562863692D00D3EAB7 /* OpenweatherAPI.swift in Sources */,
				D2FF4B4B286229EE00D3EAB7 /* HomeModel.swift in Sources */,
				D2FF4B4F28622C7C00D3EAB7 /* HomeViewModel.swift in Sources */,
				D2C1518D2860C6E500884A1F /* LifesumTestAppApp.swift in Sources */,
			);
			runOnlyForDeploymentPostprocessing = 0;
		};
		D2C151952860C6E700884A1F /* Sources */ = {
			isa = PBXSourcesBuildPhase;
			buildActionMask = 2147483647;
			files = (
				D2C1519E2860C6E700884A1F /* LifesumTestAppTests.swift in Sources */,
			);
			runOnlyForDeploymentPostprocessing = 0;
		};
		D2C1519F2860C6E700884A1F /* Sources */ = {
			isa = PBXSourcesBuildPhase;
			buildActionMask = 2147483647;
			files = (
				D2C151AA2860C6E700884A1F /* LifesumTestAppUITestsLaunchTests.swift in Sources */,
				D2C151A82860C6E700884A1F /* LifesumTestAppUITests.swift in Sources */,
			);
			runOnlyForDeploymentPostprocessing = 0;
		};
/* End PBXSourcesBuildPhase section */

/* Begin PBXTargetDependency section */
		D2C1519B2860C6E700884A1F /* PBXTargetDependency */ = {
			isa = PBXTargetDependency;
			target = D2C151882860C6E500884A1F /* LifesumTestApp */;
			targetProxy = D2C1519A2860C6E700884A1F /* PBXContainerItemProxy */;
		};
		D2C151A52860C6E700884A1F /* PBXTargetDependency */ = {
			isa = PBXTargetDependency;
			target = D2C151882860C6E500884A1F /* LifesumTestApp */;
			targetProxy = D2C151A42860C6E700884A1F /* PBXContainerItemProxy */;
		};
/* End PBXTargetDependency section */

/* Begin XCBuildConfiguration section */
		D2C151AB2860C6E700884A1F /* Debug */ = {
			isa = XCBuildConfiguration;
			buildSettings = {
				ALWAYS_SEARCH_USER_PATHS = NO;
				CLANG_ANALYZER_NONNULL = YES;
				CLANG_ANALYZER_NUMBER_OBJECT_CONVERSION = YES_AGGRESSIVE;
				CLANG_CXX_LANGUAGE_STANDARD = "gnu++17";
				CLANG_ENABLE_MODULES = YES;
				CLANG_ENABLE_OBJC_ARC = YES;
				CLANG_ENABLE_OBJC_WEAK = YES;
				CLANG_WARN_BLOCK_CAPTURE_AUTORELEASING = YES;
				CLANG_WARN_BOOL_CONVERSION = YES;
				CLANG_WARN_COMMA = YES;
				CLANG_WARN_CONSTANT_CONVERSION = YES;
				CLANG_WARN_DEPRECATED_OBJC_IMPLEMENTATIONS = YES;
				CLANG_WARN_DIRECT_OBJC_ISA_USAGE = YES_ERROR;
				CLANG_WARN_DOCUMENTATION_COMMENTS = YES;
				CLANG_WARN_EMPTY_BODY = YES;
				CLANG_WARN_ENUM_CONVERSION = YES;
				CLANG_WARN_INFINITE_RECURSION = YES;
				CLANG_WARN_INT_CONVERSION = YES;
				CLANG_WARN_NON_LITERAL_NULL_CONVERSION = YES;
				CLANG_WARN_OBJC_IMPLICIT_RETAIN_SELF = YES;
				CLANG_WARN_OBJC_LITERAL_CONVERSION = YES;
				CLANG_WARN_OBJC_ROOT_CLASS = YES_ERROR;
				CLANG_WARN_QUOTED_INCLUDE_IN_FRAMEWORK_HEADER = YES;
				CLANG_WARN_RANGE_LOOP_ANALYSIS = YES;
				CLANG_WARN_STRICT_PROTOTYPES = YES;
				CLANG_WARN_SUSPICIOUS_MOVE = YES;
				CLANG_WARN_UNGUARDED_AVAILABILITY = YES_AGGRESSIVE;
				CLANG_WARN_UNREACHABLE_CODE = YES;
				CLANG_WARN__DUPLICATE_METHOD_MATCH = YES;
				COPY_PHASE_STRIP = NO;
				DEBUG_INFORMATION_FORMAT = dwarf;
				ENABLE_STRICT_OBJC_MSGSEND = YES;
				ENABLE_TESTABILITY = YES;
				GCC_C_LANGUAGE_STANDARD = gnu11;
				GCC_DYNAMIC_NO_PIC = NO;
				GCC_NO_COMMON_BLOCKS = YES;
				GCC_OPTIMIZATION_LEVEL = 0;
				GCC_PREPROCESSOR_DEFINITIONS = (
					"DEBUG=1",
					"$(inherited)",
				);
				GCC_WARN_64_TO_32_BIT_CONVERSION = YES;
				GCC_WARN_ABOUT_RETURN_TYPE = YES_ERROR;
				GCC_WARN_UNDECLARED_SELECTOR = YES;
				GCC_WARN_UNINITIALIZED_AUTOS = YES_AGGRESSIVE;
				GCC_WARN_UNUSED_FUNCTION = YES;
				GCC_WARN_UNUSED_VARIABLE = YES;
				IPHONEOS_DEPLOYMENT_TARGET = 16.0;
				MTL_ENABLE_DEBUG_INFO = INCLUDE_SOURCE;
				MTL_FAST_MATH = YES;
				ONLY_ACTIVE_ARCH = YES;
				SDKROOT = iphoneos;
				SWIFT_ACTIVE_COMPILATION_CONDITIONS = DEBUG;
				SWIFT_OPTIMIZATION_LEVEL = "-Onone";
			};
			name = Debug;
		};
		D2C151AC2860C6E700884A1F /* Release */ = {
			isa = XCBuildConfiguration;
			buildSettings = {
				ALWAYS_SEARCH_USER_PATHS = NO;
				CLANG_ANALYZER_NONNULL = YES;
				CLANG_ANALYZER_NUMBER_OBJECT_CONVERSION = YES_AGGRESSIVE;
				CLANG_CXX_LANGUAGE_STANDARD = "gnu++17";
				CLANG_ENABLE_MODULES = YES;
				CLANG_ENABLE_OBJC_ARC = YES;
				CLANG_ENABLE_OBJC_WEAK = YES;
				CLANG_WARN_BLOCK_CAPTURE_AUTORELEASING = YES;
				CLANG_WARN_BOOL_CONVERSION = YES;
				CLANG_WARN_COMMA = YES;
				CLANG_WARN_CONSTANT_CONVERSION = YES;
				CLANG_WARN_DEPRECATED_OBJC_IMPLEMENTATIONS = YES;
				CLANG_WARN_DIRECT_OBJC_ISA_USAGE = YES_ERROR;
				CLANG_WARN_DOCUMENTATION_COMMENTS = YES;
				CLANG_WARN_EMPTY_BODY = YES;
				CLANG_WARN_ENUM_CONVERSION = YES;
				CLANG_WARN_INFINITE_RECURSION = YES;
				CLANG_WARN_INT_CONVERSION = YES;
				CLANG_WARN_NON_LITERAL_NULL_CONVERSION = YES;
				CLANG_WARN_OBJC_IMPLICIT_RETAIN_SELF = YES;
				CLANG_WARN_OBJC_LITERAL_CONVERSION = YES;
				CLANG_WARN_OBJC_ROOT_CLASS = YES_ERROR;
				CLANG_WARN_QUOTED_INCLUDE_IN_FRAMEWORK_HEADER = YES;
				CLANG_WARN_RANGE_LOOP_ANALYSIS = YES;
				CLANG_WARN_STRICT_PROTOTYPES = YES;
				CLANG_WARN_SUSPICIOUS_MOVE = YES;
				CLANG_WARN_UNGUARDED_AVAILABILITY = YES_AGGRESSIVE;
				CLANG_WARN_UNREACHABLE_CODE = YES;
				CLANG_WARN__DUPLICATE_METHOD_MATCH = YES;
				COPY_PHASE_STRIP = NO;
				DEBUG_INFORMATION_FORMAT = "dwarf-with-dsym";
				ENABLE_NS_ASSERTIONS = NO;
				ENABLE_STRICT_OBJC_MSGSEND = YES;
				GCC_C_LANGUAGE_STANDARD = gnu11;
				GCC_NO_COMMON_BLOCKS = YES;
				GCC_WARN_64_TO_32_BIT_CONVERSION = YES;
				GCC_WARN_ABOUT_RETURN_TYPE = YES_ERROR;
				GCC_WARN_UNDECLARED_SELECTOR = YES;
				GCC_WARN_UNINITIALIZED_AUTOS = YES_AGGRESSIVE;
				GCC_WARN_UNUSED_FUNCTION = YES;
				GCC_WARN_UNUSED_VARIABLE = YES;
				IPHONEOS_DEPLOYMENT_TARGET = 16.0;
				MTL_ENABLE_DEBUG_INFO = NO;
				MTL_FAST_MATH = YES;
				SDKROOT = iphoneos;
				SWIFT_COMPILATION_MODE = wholemodule;
				SWIFT_OPTIMIZATION_LEVEL = "-O";
				VALIDATE_PRODUCT = YES;
			};
			name = Release;
		};
		D2C151AE2860C6E700884A1F /* Debug */ = {
			isa = XCBuildConfiguration;
			buildSettings = {
				ASSETCATALOG_COMPILER_APPICON_NAME = AppIcon;
				ASSETCATALOG_COMPILER_GLOBAL_ACCENT_COLOR_NAME = AccentColor;
				CODE_SIGN_STYLE = Automatic;
				CURRENT_PROJECT_VERSION = 1;
				DEVELOPMENT_ASSET_PATHS = "\"LifesumTestApp/Preview Content\"";
				DEVELOPMENT_TEAM = PN2T5H7675;
				ENABLE_PREVIEWS = YES;
				GENERATE_INFOPLIST_FILE = YES;
				INFOPLIST_FILE = LifesumTestApp/Info.plist;
				INFOPLIST_KEY_UIApplicationSceneManifest_Generation = YES;
				INFOPLIST_KEY_UIApplicationSupportsIndirectInputEvents = YES;
				INFOPLIST_KEY_UILaunchScreen_Generation = YES;
				INFOPLIST_KEY_UISupportedInterfaceOrientations_iPad = "UIInterfaceOrientationPortrait UIInterfaceOrientationPortraitUpsideDown UIInterfaceOrientationLandscapeLeft UIInterfaceOrientationLandscapeRight";
				INFOPLIST_KEY_UISupportedInterfaceOrientations_iPhone = "UIInterfaceOrientationPortrait UIInterfaceOrientationLandscapeLeft UIInterfaceOrientationLandscapeRight";
				LD_RUNPATH_SEARCH_PATHS = (
					"$(inherited)",
					"@executable_path/Frameworks",
				);
				MARKETING_VERSION = 1.0;
				PRODUCT_BUNDLE_IDENTIFIER = guglielmo.chimera.LifesumTestApp;
				PRODUCT_NAME = "$(TARGET_NAME)";
				SWIFT_EMIT_LOC_STRINGS = YES;
				SWIFT_VERSION = 5.0;
				TARGETED_DEVICE_FAMILY = "1,2";
			};
			name = Debug;
		};
		D2C151AF2860C6E700884A1F /* Release */ = {
			isa = XCBuildConfiguration;
			buildSettings = {
				ASSETCATALOG_COMPILER_APPICON_NAME = AppIcon;
				ASSETCATALOG_COMPILER_GLOBAL_ACCENT_COLOR_NAME = AccentColor;
				CODE_SIGN_STYLE = Automatic;
				CURRENT_PROJECT_VERSION = 1;
				DEVELOPMENT_ASSET_PATHS = "\"LifesumTestApp/Preview Content\"";
				DEVELOPMENT_TEAM = PN2T5H7675;
				ENABLE_PREVIEWS = YES;
				GENERATE_INFOPLIST_FILE = YES;
				INFOPLIST_FILE = LifesumTestApp/Info.plist;
				INFOPLIST_KEY_UIApplicationSceneManifest_Generation = YES;
				INFOPLIST_KEY_UIApplicationSupportsIndirectInputEvents = YES;
				INFOPLIST_KEY_UILaunchScreen_Generation = YES;
				INFOPLIST_KEY_UISupportedInterfaceOrientations_iPad = "UIInterfaceOrientationPortrait UIInterfaceOrientationPortraitUpsideDown UIInterfaceOrientationLandscapeLeft UIInterfaceOrientationLandscapeRight";
				INFOPLIST_KEY_UISupportedInterfaceOrientations_iPhone = "UIInterfaceOrientationPortrait UIInterfaceOrientationLandscapeLeft UIInterfaceOrientationLandscapeRight";
				LD_RUNPATH_SEARCH_PATHS = (
					"$(inherited)",
					"@executable_path/Frameworks",
				);
				MARKETING_VERSION = 1.0;
				PRODUCT_BUNDLE_IDENTIFIER = guglielmo.chimera.LifesumTestApp;
				PRODUCT_NAME = "$(TARGET_NAME)";
				SWIFT_EMIT_LOC_STRINGS = YES;
				SWIFT_VERSION = 5.0;
				TARGETED_DEVICE_FAMILY = "1,2";
			};
			name = Release;
		};
		D2C151B12860C6E700884A1F /* Debug */ = {
			isa = XCBuildConfiguration;
			buildSettings = {
				ALWAYS_EMBED_SWIFT_STANDARD_LIBRARIES = YES;
				BUNDLE_LOADER = "$(TEST_HOST)";
				CODE_SIGN_STYLE = Automatic;
				CURRENT_PROJECT_VERSION = 1;
				DEVELOPMENT_TEAM = PN2T5H7675;
				GENERATE_INFOPLIST_FILE = YES;
				IPHONEOS_DEPLOYMENT_TARGET = 16.0;
				MARKETING_VERSION = 1.0;
				PRODUCT_BUNDLE_IDENTIFIER = guglielmo.chimera.LifesumTestAppTests;
				PRODUCT_NAME = "$(TARGET_NAME)";
				SWIFT_EMIT_LOC_STRINGS = NO;
				SWIFT_VERSION = 5.0;
				TARGETED_DEVICE_FAMILY = "1,2";
				TEST_HOST = "$(BUILT_PRODUCTS_DIR)/LifesumTestApp.app/$(BUNDLE_EXECUTABLE_FOLDER_PATH)/LifesumTestApp";
			};
			name = Debug;
		};
		D2C151B22860C6E700884A1F /* Release */ = {
			isa = XCBuildConfiguration;
			buildSettings = {
				ALWAYS_EMBED_SWIFT_STANDARD_LIBRARIES = YES;
				BUNDLE_LOADER = "$(TEST_HOST)";
				CODE_SIGN_STYLE = Automatic;
				CURRENT_PROJECT_VERSION = 1;
				DEVELOPMENT_TEAM = PN2T5H7675;
				GENERATE_INFOPLIST_FILE = YES;
				IPHONEOS_DEPLOYMENT_TARGET = 16.0;
				MARKETING_VERSION = 1.0;
				PRODUCT_BUNDLE_IDENTIFIER = guglielmo.chimera.LifesumTestAppTests;
				PRODUCT_NAME = "$(TARGET_NAME)";
				SWIFT_EMIT_LOC_STRINGS = NO;
				SWIFT_VERSION = 5.0;
				TARGETED_DEVICE_FAMILY = "1,2";
				TEST_HOST = "$(BUILT_PRODUCTS_DIR)/LifesumTestApp.app/$(BUNDLE_EXECUTABLE_FOLDER_PATH)/LifesumTestApp";
			};
			name = Release;
		};
		D2C151B42860C6E700884A1F /* Debug */ = {
			isa = XCBuildConfiguration;
			buildSettings = {
				ALWAYS_EMBED_SWIFT_STANDARD_LIBRARIES = YES;
				CODE_SIGN_STYLE = Automatic;
				CURRENT_PROJECT_VERSION = 1;
				DEVELOPMENT_TEAM = PN2T5H7675;
				GENERATE_INFOPLIST_FILE = YES;
				MARKETING_VERSION = 1.0;
				PRODUCT_BUNDLE_IDENTIFIER = guglielmo.chimera.LifesumTestAppUITests;
				PRODUCT_NAME = "$(TARGET_NAME)";
				SWIFT_EMIT_LOC_STRINGS = NO;
				SWIFT_VERSION = 5.0;
				TARGETED_DEVICE_FAMILY = "1,2";
				TEST_TARGET_NAME = LifesumTestApp;
			};
			name = Debug;
		};
		D2C151B52860C6E700884A1F /* Release */ = {
			isa = XCBuildConfiguration;
			buildSettings = {
				ALWAYS_EMBED_SWIFT_STANDARD_LIBRARIES = YES;
				CODE_SIGN_STYLE = Automatic;
				CURRENT_PROJECT_VERSION = 1;
				DEVELOPMENT_TEAM = PN2T5H7675;
				GENERATE_INFOPLIST_FILE = YES;
				MARKETING_VERSION = 1.0;
				PRODUCT_BUNDLE_IDENTIFIER = guglielmo.chimera.LifesumTestAppUITests;
				PRODUCT_NAME = "$(TARGET_NAME)";
				SWIFT_EMIT_LOC_STRINGS = NO;
				SWIFT_VERSION = 5.0;
				TARGETED_DEVICE_FAMILY = "1,2";
				TEST_TARGET_NAME = LifesumTestApp;
			};
			name = Release;
		};
/* End XCBuildConfiguration section */

/* Begin XCConfigurationList section */
		D2C151842860C6E500884A1F /* Build configuration list for PBXProject "LifesumTestApp" */ = {
			isa = XCConfigurationList;
			buildConfigurations = (
				D2C151AB2860C6E700884A1F /* Debug */,
				D2C151AC2860C6E700884A1F /* Release */,
			);
			defaultConfigurationIsVisible = 0;
			defaultConfigurationName = Release;
		};
		D2C151AD2860C6E700884A1F /* Build configuration list for PBXNativeTarget "LifesumTestApp" */ = {
			isa = XCConfigurationList;
			buildConfigurations = (
				D2C151AE2860C6E700884A1F /* Debug */,
				D2C151AF2860C6E700884A1F /* Release */,
			);
			defaultConfigurationIsVisible = 0;
			defaultConfigurationName = Release;
		};
		D2C151B02860C6E700884A1F /* Build configuration list for PBXNativeTarget "LifesumTestAppTests" */ = {
			isa = XCConfigurationList;
			buildConfigurations = (
				D2C151B12860C6E700884A1F /* Debug */,
				D2C151B22860C6E700884A1F /* Release */,
			);
			defaultConfigurationIsVisible = 0;
			defaultConfigurationName = Release;
		};
		D2C151B32860C6E700884A1F /* Build configuration list for PBXNativeTarget "LifesumTestAppUITests" */ = {
			isa = XCConfigurationList;
			buildConfigurations = (
				D2C151B42860C6E700884A1F /* Debug */,
				D2C151B52860C6E700884A1F /* Release */,
			);
			defaultConfigurationIsVisible = 0;
			defaultConfigurationName = Release;
		};
/* End XCConfigurationList section */
	};
	rootObject = D2C151812860C6E500884A1F /* Project object */;
}
